
Microsoft Visual Studio Solution File, Format Version 12.00
# Visual Studio Version 16
VisualStudioVersion = 16.0.30621.155
MinimumVisualStudioVersion = 10.0.40219.1
Project("{FAE04EC0-301F-11D3-BF4B-00C04F79EFBC}") = "8.0", "8.0\8.0.csproj", "{1F48EA3D-61F8-4D90-BDF2-E710E98D1115}"
EndProject
Global
	GlobalSection(SolutionConfigurationPlatforms) = preSolution
		Debug|Any CPU = Debug|Any CPU
		Release|Any CPU = Release|Any CPU
	EndGlobalSection
	GlobalSection(ProjectConfigurationPlatforms) = postSolution
		{1F48EA3D-61F8-4D90-BDF2-E710E98D1115}.Debug|Any CPU.ActiveCfg = Debug|Any CPU
		{1F48EA3D-61F8-4D90-BDF2-E710E98D1115}.Debug|Any CPU.Build.0 = Debug|Any CPU
		{1F48EA3D-61F8-4D90-BDF2-E710E98D1115}.Release|Any CPU.ActiveCfg = Release|Any CPU
		{1F48EA3D-61F8-4D90-BDF2-E710E98D1115}.Release|Any CPU.Build.0 = Release|Any CPU
	EndGlobalSection
	GlobalSection(SolutionProperties) = preSolution
		HideSolutionNode = FALSE
	EndGlobalSection
	GlobalSection(ExtensibilityGlobals) = postSolution
		SolutionGuid = {E341B538-6F39-4112-BD0D-042A2FCBE22A}
	EndGlobalSection
EndGlobal
